// !$*UTF8*$!
{
	archiveVersion = 1;
	classes = {
	};
	objectVersion = 56;
	objects = {

/* Begin PBXBuildFile section */
		7121025629267DEA007A6DE5 /* EmployeeTableViewCell.swift in Sources */ = {isa = PBXBuildFile; fileRef = 7121025429267DEA007A6DE5 /* EmployeeTableViewCell.swift */; };
		7121025729267DEA007A6DE5 /* EmployeeTableViewCell.xib in Resources */ = {isa = PBXBuildFile; fileRef = 7121025529267DEA007A6DE5 /* EmployeeTableViewCell.xib */; };
		7139D0172926325B008EC7D5 /* AppDelegate.swift in Sources */ = {isa = PBXBuildFile; fileRef = 7139D0162926325B008EC7D5 /* AppDelegate.swift */; };
		7139D0192926325B008EC7D5 /* SceneDelegate.swift in Sources */ = {isa = PBXBuildFile; fileRef = 7139D0182926325B008EC7D5 /* SceneDelegate.swift */; };
		7139D01B2926325B008EC7D5 /* CompanyViewController.swift in Sources */ = {isa = PBXBuildFile; fileRef = 7139D01A2926325B008EC7D5 /* CompanyViewController.swift */; };
		7139D01E2926325B008EC7D5 /* Main.storyboard in Resources */ = {isa = PBXBuildFile; fileRef = 7139D01C2926325B008EC7D5 /* Main.storyboard */; };
		7139D0202926325C008EC7D5 /* Assets.xcassets in Resources */ = {isa = PBXBuildFile; fileRef = 7139D01F2926325C008EC7D5 /* Assets.xcassets */; };
		7139D0232926325C008EC7D5 /* LaunchScreen.storyboard in Resources */ = {isa = PBXBuildFile; fileRef = 7139D0212926325C008EC7D5 /* LaunchScreen.storyboard */; };
		7154B780292636100051CF26 /* Company.swift in Sources */ = {isa = PBXBuildFile; fileRef = 7154B77F292636100051CF26 /* Company.swift */; };
		7154B7822926365B0051CF26 /* Employee.swift in Sources */ = {isa = PBXBuildFile; fileRef = 7154B7812926365B0051CF26 /* Employee.swift */; };
		7154B7842926416B0051CF26 /* EmployeeListViewController.swift in Sources */ = {isa = PBXBuildFile; fileRef = 7154B7832926416B0051CF26 /* EmployeeListViewController.swift */; };
		7154B786292641BA0051CF26 /* EmployeeAddViewController.swift in Sources */ = {isa = PBXBuildFile; fileRef = 7154B785292641BA0051CF26 /* EmployeeAddViewController.swift */; };
		71B75F7729296B36003FC077 /* ToolbarPickerView.swift in Sources */ = {isa = PBXBuildFile; fileRef = 71B75F7629296B36003FC077 /* ToolbarPickerView.swift */; };
/* End PBXBuildFile section */

/* Begin PBXFileReference section */
		7121025429267DEA007A6DE5 /* EmployeeTableViewCell.swift */ = {isa = PBXFileReference; lastKnownFileType = sourcecode.swift; path = EmployeeTableViewCell.swift; sourceTree = "<group>"; };
		7121025529267DEA007A6DE5 /* EmployeeTableViewCell.xib */ = {isa = PBXFileReference; lastKnownFileType = file.xib; path = EmployeeTableViewCell.xib; sourceTree = "<group>"; };
		7139D0132926325B008EC7D5 /* CompanyManagement.app */ = {isa = PBXFileReference; explicitFileType = wrapper.application; includeInIndex = 0; path = CompanyManagement.app; sourceTree = BUILT_PRODUCTS_DIR; };
		7139D0162926325B008EC7D5 /* AppDelegate.swift */ = {isa = PBXFileReference; lastKnownFileType = sourcecode.swift; path = AppDelegate.swift; sourceTree = "<group>"; };
		7139D0182926325B008EC7D5 /* SceneDelegate.swift */ = {isa = PBXFileReference; lastKnownFileType = sourcecode.swift; path = SceneDelegate.swift; sourceTree = "<group>"; };
		7139D01A2926325B008EC7D5 /* CompanyViewController.swift */ = {isa = PBXFileReference; lastKnownFileType = sourcecode.swift; path = CompanyViewController.swift; sourceTree = "<group>"; };
		7139D01D2926325B008EC7D5 /* Base */ = {isa = PBXFileReference; lastKnownFileType = file.storyboard; name = Base; path = Base.lproj/Main.storyboard; sourceTree = "<group>"; };
		7139D01F2926325C008EC7D5 /* Assets.xcassets */ = {isa = PBXFileReference; lastKnownFileType = folder.assetcatalog; path = Assets.xcassets; sourceTree = "<group>"; };
		7139D0222926325C008EC7D5 /* Base */ = {isa = PBXFileReference; lastKnownFileType = file.storyboard; name = Base; path = Base.lproj/LaunchScreen.storyboard; sourceTree = "<group>"; };
		7139D0242926325C008EC7D5 /* Info.plist */ = {isa = PBXFileReference; lastKnownFileType = text.plist.xml; path = Info.plist; sourceTree = "<group>"; };
		7154B77F292636100051CF26 /* Company.swift */ = {isa = PBXFileReference; lastKnownFileType = sourcecode.swift; path = Company.swift; sourceTree = "<group>"; };
		7154B7812926365B0051CF26 /* Employee.swift */ = {isa = PBXFileReference; lastKnownFileType = sourcecode.swift; path = Employee.swift; sourceTree = "<group>"; };
		7154B7832926416B0051CF26 /* EmployeeListViewController.swift */ = {isa = PBXFileReference; lastKnownFileType = sourcecode.swift; path = EmployeeListViewController.swift; sourceTree = "<group>"; };
		7154B785292641BA0051CF26 /* EmployeeAddViewController.swift */ = {isa = PBXFileReference; lastKnownFileType = sourcecode.swift; path = EmployeeAddViewController.swift; sourceTree = "<group>"; };
		71B75F7629296B36003FC077 /* ToolbarPickerView.swift */ = {isa = PBXFileReference; lastKnownFileType = sourcecode.swift; path = ToolbarPickerView.swift; sourceTree = "<group>"; };
/* End PBXFileReference section */

/* Begin PBXFrameworksBuildPhase section */
		7139D0102926325B008EC7D5 /* Frameworks */ = {
			isa = PBXFrameworksBuildPhase;
			buildActionMask = 2147483647;
			files = (
			);
			runOnlyForDeploymentPostprocessing = 0;
		};
/* End PBXFrameworksBuildPhase section */

/* Begin PBXGroup section */
		7121025929267E38007A6DE5 /* View */ = {
			isa = PBXGroup;
			children = (
				7121025429267DEA007A6DE5 /* EmployeeTableViewCell.swift */,
				7121025529267DEA007A6DE5 /* EmployeeTableViewCell.xib */,
				71B75F7629296B36003FC077 /* ToolbarPickerView.swift */,
			);
			path = View;
			sourceTree = "<group>";
		};
		7139D00A2926325B008EC7D5 = {
			isa = PBXGroup;
			children = (
				7139D0152926325B008EC7D5 /* CompanyManagement */,
				7139D0142926325B008EC7D5 /* Products */,
			);
			sourceTree = "<group>";
		};
		7139D0142926325B008EC7D5 /* Products */ = {
			isa = PBXGroup;
			children = (
				7139D0132926325B008EC7D5 /* CompanyManagement.app */,
			);
			name = Products;
			sourceTree = "<group>";
		};
		7139D0152926325B008EC7D5 /* CompanyManagement */ = {
			isa = PBXGroup;
			children = (
				7121025929267E38007A6DE5 /* View */,
				7154B7882926446B0051CF26 /* Model */,
				7154B787292644520051CF26 /* Controller */,
				7139D0162926325B008EC7D5 /* AppDelegate.swift */,
				7139D0182926325B008EC7D5 /* SceneDelegate.swift */,
				7139D01C2926325B008EC7D5 /* Main.storyboard */,
				7139D01F2926325C008EC7D5 /* Assets.xcassets */,
				7139D0212926325C008EC7D5 /* LaunchScreen.storyboard */,
				7139D0242926325C008EC7D5 /* Info.plist */,
			);
			path = CompanyManagement;
			sourceTree = "<group>";
		};
		7154B787292644520051CF26 /* Controller */ = {
			isa = PBXGroup;
			children = (
				7154B7832926416B0051CF26 /* EmployeeListViewController.swift */,
				7139D01A2926325B008EC7D5 /* CompanyViewController.swift */,
				7154B785292641BA0051CF26 /* EmployeeAddViewController.swift */,
			);
			path = Controller;
			sourceTree = "<group>";
		};
		7154B7882926446B0051CF26 /* Model */ = {
			isa = PBXGroup;
			children = (
				7154B77F292636100051CF26 /* Company.swift */,
				7154B7812926365B0051CF26 /* Employee.swift */,
			);
			path = Model;
			sourceTree = "<group>";
		};
/* End PBXGroup section */

/* Begin PBXNativeTarget section */
		7139D0122926325B008EC7D5 /* CompanyManagement */ = {
			isa = PBXNativeTarget;
			buildConfigurationList = 7139D0272926325C008EC7D5 /* Build configuration list for PBXNativeTarget "CompanyManagement" */;
			buildPhases = (
				7139D00F2926325B008EC7D5 /* Sources */,
				7139D0102926325B008EC7D5 /* Frameworks */,
				7139D0112926325B008EC7D5 /* Resources */,
			);
			buildRules = (
			);
			dependencies = (
			);
			name = CompanyManagement;
			productName = CompanyManagement;
			productReference = 7139D0132926325B008EC7D5 /* CompanyManagement.app */;
			productType = "com.apple.product-type.application";
		};
/* End PBXNativeTarget section */

/* Begin PBXProject section */
		7139D00B2926325B008EC7D5 /* Project object */ = {
			isa = PBXProject;
			attributes = {
				BuildIndependentTargetsInParallel = 1;
				LastSwiftUpdateCheck = 1400;
				LastUpgradeCheck = 1400;
				TargetAttributes = {
					7139D0122926325B008EC7D5 = {
						CreatedOnToolsVersion = 14.0;
					};
				};
			};
			buildConfigurationList = 7139D00E2926325B008EC7D5 /* Build configuration list for PBXProject "CompanyManagement" */;
			compatibilityVersion = "Xcode 14.0";
			developmentRegion = en;
			hasScannedForEncodings = 0;
			knownRegions = (
				en,
				Base,
			);
			mainGroup = 7139D00A2926325B008EC7D5;
			productRefGroup = 7139D0142926325B008EC7D5 /* Products */;
			projectDirPath = "";
			projectRoot = "";
			targets = (
				7139D0122926325B008EC7D5 /* CompanyManagement */,
			);
		};
/* End PBXProject section */

/* Begin PBXResourcesBuildPhase section */
		7139D0112926325B008EC7D5 /* Resources */ = {
			isa = PBXResourcesBuildPhase;
			buildActionMask = 2147483647;
			files = (
				7139D0232926325C008EC7D5 /* LaunchScreen.storyboard in Resources */,
				7121025729267DEA007A6DE5 /* EmployeeTableViewCell.xib in Resources */,
				7139D0202926325C008EC7D5 /* Assets.xcassets in Resources */,
				7139D01E2926325B008EC7D5 /* Main.storyboard in Resources */,
			);
			runOnlyForDeploymentPostprocessing = 0;
		};
/* End PBXResourcesBuildPhase section */

/* Begin PBXSourcesBuildPhase section */
		7139D00F2926325B008EC7D5 /* Sources */ = {
			isa = PBXSourcesBuildPhase;
			buildActionMask = 2147483647;
			files = (
				7139D01B2926325B008EC7D5 /* CompanyViewController.swift in Sources */,
				7121025629267DEA007A6DE5 /* EmployeeTableViewCell.swift in Sources */,
				7139D0172926325B008EC7D5 /* AppDelegate.swift in Sources */,
				7154B7842926416B0051CF26 /* EmployeeListViewController.swift in Sources */,
				7139D0192926325B008EC7D5 /* SceneDelegate.swift in Sources */,
				7154B786292641BA0051CF26 /* EmployeeAddViewController.swift in Sources */,
				71B75F7729296B36003FC077 /* ToolbarPickerView.swift in Sources */,
				7154B7822926365B0051CF26 /* Employee.swift in Sources */,
				7154B780292636100051CF26 /* Company.swift in Sources */,
			);
			runOnlyForDeploymentPostprocessing = 0;
		};
/* End PBXSourcesBuildPhase section */

/* Begin PBXVariantGroup section */
		7139D01C2926325B008EC7D5 /* Main.storyboard */ = {
			isa = PBXVariantGroup;
			children = (
				7139D01D2926325B008EC7D5 /* Base */,
			);
			name = Main.storyboard;
			sourceTree = "<group>";
		};
		7139D0212926325C008EC7D5 /* LaunchScreen.storyboard */ = {
			isa = PBXVariantGroup;
			children = (
				7139D0222926325C008EC7D5 /* Base */,
			);
			name = LaunchScreen.storyboard;
			sourceTree = "<group>";
		};
/* End PBXVariantGroup section */

/* Begin XCBuildConfiguration section */
		7139D0252926325C008EC7D5 /* Debug */ = {
			isa = XCBuildConfiguration;
			buildSettings = {
				ALWAYS_SEARCH_USER_PATHS = NO;
				CLANG_ANALYZER_NONNULL = YES;
				CLANG_ANALYZER_NUMBER_OBJECT_CONVERSION = YES_AGGRESSIVE;
				CLANG_CXX_LANGUAGE_STANDARD = "gnu++20";
				CLANG_ENABLE_MODULES = YES;
				CLANG_ENABLE_OBJC_ARC = YES;
				CLANG_ENABLE_OBJC_WEAK = YES;
				CLANG_WARN_BLOCK_CAPTURE_AUTORELEASING = YES;
				CLANG_WARN_BOOL_CONVERSION = YES;
				CLANG_WARN_COMMA = YES;
				CLANG_WARN_CONSTANT_CONVERSION = YES;
				CLANG_WARN_DEPRECATED_OBJC_IMPLEMENTATIONS = YES;
				CLANG_WARN_DIRECT_OBJC_ISA_USAGE = YES_ERROR;
				CLANG_WARN_DOCUMENTATION_COMMENTS = YES;
				CLANG_WARN_EMPTY_BODY = YES;
				CLANG_WARN_ENUM_CONVERSION = YES;
				CLANG_WARN_INFINITE_RECURSION = YES;
				CLANG_WARN_INT_CONVERSION = YES;
				CLANG_WARN_NON_LITERAL_NULL_CONVERSION = YES;
				CLANG_WARN_OBJC_IMPLICIT_RETAIN_SELF = YES;
				CLANG_WARN_OBJC_LITERAL_CONVERSION = YES;
				CLANG_WARN_OBJC_ROOT_CLASS = YES_ERROR;
				CLANG_WARN_QUOTED_INCLUDE_IN_FRAMEWORK_HEADER = YES;
				CLANG_WARN_RANGE_LOOP_ANALYSIS = YES;
				CLANG_WARN_STRICT_PROTOTYPES = YES;
				CLANG_WARN_SUSPICIOUS_MOVE = YES;
				CLANG_WARN_UNGUARDED_AVAILABILITY = YES_AGGRESSIVE;
				CLANG_WARN_UNREACHABLE_CODE = YES;
				CLANG_WARN__DUPLICATE_METHOD_MATCH = YES;
				COPY_PHASE_STRIP = NO;
				DEBUG_INFORMATION_FORMAT = dwarf;
				ENABLE_STRICT_OBJC_MSGSEND = YES;
				ENABLE_TESTABILITY = YES;
				GCC_C_LANGUAGE_STANDARD = gnu11;
				GCC_DYNAMIC_NO_PIC = NO;
				GCC_NO_COMMON_BLOCKS = YES;
				GCC_OPTIMIZATION_LEVEL = 0;
				GCC_PREPROCESSOR_DEFINITIONS = (
					"DEBUG=1",
					"$(inherited)",
				);
				GCC_WARN_64_TO_32_BIT_CONVERSION = YES;
				GCC_WARN_ABOUT_RETURN_TYPE = YES_ERROR;
				GCC_WARN_UNDECLARED_SELECTOR = YES;
				GCC_WARN_UNINITIALIZED_AUTOS = YES_AGGRESSIVE;
				GCC_WARN_UNUSED_FUNCTION = YES;
				GCC_WARN_UNUSED_VARIABLE = YES;
				IPHONEOS_DEPLOYMENT_TARGET = 16.0;
				MTL_ENABLE_DEBUG_INFO = INCLUDE_SOURCE;
				MTL_FAST_MATH = YES;
				ONLY_ACTIVE_ARCH = YES;
				SDKROOT = iphoneos;
				SWIFT_ACTIVE_COMPILATION_CONDITIONS = DEBUG;
				SWIFT_OPTIMIZATION_LEVEL = "-Onone";
			};
			name = Debug;
		};
		7139D0262926325C008EC7D5 /* Release */ = {
			isa = XCBuildConfiguration;
			buildSettings = {
				ALWAYS_SEARCH_USER_PATHS = NO;
				CLANG_ANALYZER_NONNULL = YES;
				CLANG_ANALYZER_NUMBER_OBJECT_CONVERSION = YES_AGGRESSIVE;
				CLANG_CXX_LANGUAGE_STANDARD = "gnu++20";
				CLANG_ENABLE_MODULES = YES;
				CLANG_ENABLE_OBJC_ARC = YES;
				CLANG_ENABLE_OBJC_WEAK = YES;
				CLANG_WARN_BLOCK_CAPTURE_AUTORELEASING = YES;
				CLANG_WARN_BOOL_CONVERSION = YES;
				CLANG_WARN_COMMA = YES;
				CLANG_WARN_CONSTANT_CONVERSION = YES;
				CLANG_WARN_DEPRECATED_OBJC_IMPLEMENTATIONS = YES;
				CLANG_WARN_DIRECT_OBJC_ISA_USAGE = YES_ERROR;
				CLANG_WARN_DOCUMENTATION_COMMENTS = YES;
				CLANG_WARN_EMPTY_BODY = YES;
				CLANG_WARN_ENUM_CONVERSION = YES;
				CLANG_WARN_INFINITE_RECURSION = YES;
				CLANG_WARN_INT_CONVERSION = YES;
				CLANG_WARN_NON_LITERAL_NULL_CONVERSION = YES;
				CLANG_WARN_OBJC_IMPLICIT_RETAIN_SELF = YES;
				CLANG_WARN_OBJC_LITERAL_CONVERSION = YES;
				CLANG_WARN_OBJC_ROOT_CLASS = YES_ERROR;
				CLANG_WARN_QUOTED_INCLUDE_IN_FRAMEWORK_HEADER = YES;
				CLANG_WARN_RANGE_LOOP_ANALYSIS = YES;
				CLANG_WARN_STRICT_PROTOTYPES = YES;
				CLANG_WARN_SUSPICIOUS_MOVE = YES;
				CLANG_WARN_UNGUARDED_AVAILABILITY = YES_AGGRESSIVE;
				CLANG_WARN_UNREACHABLE_CODE = YES;
				CLANG_WARN__DUPLICATE_METHOD_MATCH = YES;
				COPY_PHASE_STRIP = NO;
				DEBUG_INFORMATION_FORMAT = "dwarf-with-dsym";
				ENABLE_NS_ASSERTIONS = NO;
				ENABLE_STRICT_OBJC_MSGSEND = YES;
				GCC_C_LANGUAGE_STANDARD = gnu11;
				GCC_NO_COMMON_BLOCKS = YES;
				GCC_WARN_64_TO_32_BIT_CONVERSION = YES;
				GCC_WARN_ABOUT_RETURN_TYPE = YES_ERROR;
				GCC_WARN_UNDECLARED_SELECTOR = YES;
				GCC_WARN_UNINITIALIZED_AUTOS = YES_AGGRESSIVE;
				GCC_WARN_UNUSED_FUNCTION = YES;
				GCC_WARN_UNUSED_VARIABLE = YES;
				IPHONEOS_DEPLOYMENT_TARGET = 16.0;
				MTL_ENABLE_DEBUG_INFO = NO;
				MTL_FAST_MATH = YES;
				SDKROOT = iphoneos;
				SWIFT_COMPILATION_MODE = wholemodule;
				SWIFT_OPTIMIZATION_LEVEL = "-O";
				VALIDATE_PRODUCT = YES;
			};
			name = Release;
		};
		7139D0282926325C008EC7D5 /* Debug */ = {
			isa = XCBuildConfiguration;
			buildSettings = {
				ASSETCATALOG_COMPILER_APPICON_NAME = AppIcon;
				ASSETCATALOG_COMPILER_GLOBAL_ACCENT_COLOR_NAME = AccentColor;
				CODE_SIGN_STYLE = Automatic;
				CURRENT_PROJECT_VERSION = 1;
				DEVELOPMENT_TEAM = 2HKWNL3FP6;
				GENERATE_INFOPLIST_FILE = YES;
				INFOPLIST_FILE = CompanyManagement/Info.plist;
				INFOPLIST_KEY_UIApplicationSupportsIndirectInputEvents = YES;
				INFOPLIST_KEY_UILaunchStoryboardName = LaunchScreen;
				INFOPLIST_KEY_UIMainStoryboardFile = Main;
				INFOPLIST_KEY_UISupportedInterfaceOrientations_iPad = "UIInterfaceOrientationPortrait UIInterfaceOrientationPortraitUpsideDown UIInterfaceOrientationLandscapeLeft UIInterfaceOrientationLandscapeRight";
				INFOPLIST_KEY_UISupportedInterfaceOrientations_iPhone = "UIInterfaceOrientationPortrait UIInterfaceOrientationLandscapeLeft UIInterfaceOrientationLandscapeRight";
				LD_RUNPATH_SEARCH_PATHS = (
					"$(inherited)",
					"@executable_path/Frameworks",
				);
				MARKETING_VERSION = 1.0;
				PRODUCT_BUNDLE_IDENTIFIER = com.OgunBirinci.CompanyManagement;
				PRODUCT_NAME = "$(TARGET_NAME)";
				SWIFT_EMIT_LOC_STRINGS = YES;
				SWIFT_VERSION = 5.0;
				TARGETED_DEVICE_FAMILY = "1,2";
			};
			name = Debug;
		};
		7139D0292926325C008EC7D5 /* Release */ = {
			isa = XCBuildConfiguration;
			buildSettings = {
				ASSETCATALOG_COMPILER_APPICON_NAME = AppIcon;
				ASSETCATALOG_COMPILER_GLOBAL_ACCENT_COLOR_NAME = AccentColor;
				CODE_SIGN_STYLE = Automatic;
				CURRENT_PROJECT_VERSION = 1;
				DEVELOPMENT_TEAM = 2HKWNL3FP6;
				GENERATE_INFOPLIST_FILE = YES;
				INFOPLIST_FILE = CompanyManagement/Info.plist;
				INFOPLIST_KEY_UIApplicationSupportsIndirectInputEvents = YES;
				INFOPLIST_KEY_UILaunchStoryboardName = LaunchScreen;
				INFOPLIST_KEY_UIMainStoryboardFile = Main;
				INFOPLIST_KEY_UISupportedInterfaceOrientations_iPad = "UIInterfaceOrientationPortrait UIInterfaceOrientationPortraitUpsideDown UIInterfaceOrientationLandscapeLeft UIInterfaceOrientationLandscapeRight";
				INFOPLIST_KEY_UISupportedInterfaceOrientations_iPhone = "UIInterfaceOrientationPortrait UIInterfaceOrientationLandscapeLeft UIInterfaceOrientationLandscapeRight";
				LD_RUNPATH_SEARCH_PATHS = (
					"$(inherited)",
					"@executable_path/Frameworks",
				);
				MARKETING_VERSION = 1.0;
				PRODUCT_BUNDLE_IDENTIFIER = com.OgunBirinci.CompanyManagement;
				PRODUCT_NAME = "$(TARGET_NAME)";
				SWIFT_EMIT_LOC_STRINGS = YES;
				SWIFT_VERSION = 5.0;
				TARGETED_DEVICE_FAMILY = "1,2";
			};
			name = Release;
		};
/* End XCBuildConfiguration section */

/* Begin XCConfigurationList section */
		7139D00E2926325B008EC7D5 /* Build configuration list for PBXProject "CompanyManagement" */ = {
			isa = XCConfigurationList;
			buildConfigurations = (
				7139D0252926325C008EC7D5 /* Debug */,
				7139D0262926325C008EC7D5 /* Release */,
			);
			defaultConfigurationIsVisible = 0;
			defaultConfigurationName = Release;
		};
		7139D0272926325C008EC7D5 /* Build configuration list for PBXNativeTarget "CompanyManagement" */ = {
			isa = XCConfigurationList;
			buildConfigurations = (
				7139D0282926325C008EC7D5 /* Debug */,
				7139D0292926325C008EC7D5 /* Release */,
			);
			defaultConfigurationIsVisible = 0;
			defaultConfigurationName = Release;
		};
/* End XCConfigurationList section */
	};
	rootObject = 7139D00B2926325B008EC7D5 /* Project object */;
}
